
Microsoft Visual Studio Solution File, Format Version 12.00
# Visual Studio 15
VisualStudioVersion = 15.0.27428.2005
MinimumVisualStudioVersion = 10.0.40219.1
Project("{FAE04EC0-301F-11D3-BF4B-00C04F79EFBC}") = "Паркинг", "Паркинг\Паркинг.csproj", "{4A6A5F4A-629E-4900-9D95-F6588A3DA73D}"
EndProject
Global
	GlobalSection(SolutionConfigurationPlatforms) = preSolution
		Debug|Any CPU = Debug|Any CPU
		Debug|x64 = Debug|x64
		Release|Any CPU = Release|Any CPU
		Release|x64 = Release|x64
	EndGlobalSection
	GlobalSection(ProjectConfigurationPlatforms) = postSolution
		{4A6A5F4A-629E-4900-9D95-F6588A3DA73D}.Debug|Any CPU.ActiveCfg = Debug|Any CPU
		{4A6A5F4A-629E-4900-9D95-F6588A3DA73D}.Debug|Any CPU.Build.0 = Debug|Any CPU
		{4A6A5F4A-629E-4900-9D95-F6588A3DA73D}.Debug|x64.ActiveCfg = Debug|x64
		{4A6A5F4A-629E-4900-9D95-F6588A3DA73D}.Debug|x64.Build.0 = Debug|x64
		{4A6A5F4A-629E-4900-9D95-F6588A3DA73D}.Release|Any CPU.ActiveCfg = Release|Any CPU
		{4A6A5F4A-629E-4900-9D95-F6588A3DA73D}.Release|Any CPU.Build.0 = Release|Any CPU
		{4A6A5F4A-629E-4900-9D95-F6588A3DA73D}.Release|x64.ActiveCfg = Release|Any CPU
		{4A6A5F4A-629E-4900-9D95-F6588A3DA73D}.Release|x64.Build.0 = Release|Any CPU
	EndGlobalSection
	GlobalSection(SolutionProperties) = preSolution
		HideSolutionNode = FALSE
	EndGlobalSection
	GlobalSection(ExtensibilityGlobals) = postSolution
		SolutionGuid = {9A45A69C-B88F-45AE-B573-A7679CBC5A6D}
	EndGlobalSection
EndGlobal
